// !$*UTF8*$!
{
	archiveVersion = 1;
	classes = {
	};
	objectVersion = 48;
	objects = {

/* Begin PBXBuildFile section */
		1421B61520BF202500B73192 /* AppDelegate.swift in Sources */ = {isa = PBXBuildFile; fileRef = 1421B61420BF202500B73192 /* AppDelegate.swift */; };
		1421B61A20BF202500B73192 /* Main.storyboard in Resources */ = {isa = PBXBuildFile; fileRef = 1421B61820BF202500B73192 /* Main.storyboard */; };
		1421B61C20BF202500B73192 /* Assets.xcassets in Resources */ = {isa = PBXBuildFile; fileRef = 1421B61B20BF202500B73192 /* Assets.xcassets */; };
		1421B61F20BF202500B73192 /* LaunchScreen.storyboard in Resources */ = {isa = PBXBuildFile; fileRef = 1421B61D20BF202500B73192 /* LaunchScreen.storyboard */; };
		1421B62D20BF21FB00B73192 /* MainVC.swift in Sources */ = {isa = PBXBuildFile; fileRef = 1421B62C20BF21FB00B73192 /* MainVC.swift */; };
		14B726E520C0640500ABE95A /* TacoPOPData.csv in Resources */ = {isa = PBXBuildFile; fileRef = 14B726E420C0640500ABE95A /* TacoPOPData.csv */; };
		14B726E720C0674000ABE95A /* DropShadow.swift in Sources */ = {isa = PBXBuildFile; fileRef = 14B726E620C0674000ABE95A /* DropShadow.swift */; };
		14B726E920C0681B00ABE95A /* HeaderView.swift in Sources */ = {isa = PBXBuildFile; fileRef = 14B726E820C0681B00ABE95A /* HeaderView.swift */; };
		14E86A5020C0708A008F5195 /* Taco.swift in Sources */ = {isa = PBXBuildFile; fileRef = 14E86A4F20C0708A008F5195 /* Taco.swift */; };
		14E86A5220C07C2A008F5195 /* DataService.swift in Sources */ = {isa = PBXBuildFile; fileRef = 14E86A5120C07C2A008F5195 /* DataService.swift */; };
		14E86A5720C07F36008F5195 /* TacoCell.swift in Sources */ = {isa = PBXBuildFile; fileRef = 14E86A5520C07F36008F5195 /* TacoCell.swift */; };
		14E86A5820C07F36008F5195 /* TacoCell.xib in Resources */ = {isa = PBXBuildFile; fileRef = 14E86A5620C07F36008F5195 /* TacoCell.xib */; };
		14E86A5A20C0841F008F5195 /* ReuseableView.swift in Sources */ = {isa = PBXBuildFile; fileRef = 14E86A5920C0841F008F5195 /* ReuseableView.swift */; };
		14E86A5C20C084A7008F5195 /* NibLoadedableView.swift in Sources */ = {isa = PBXBuildFile; fileRef = 14E86A5B20C084A7008F5195 /* NibLoadedableView.swift */; };
		14E86A5E20C0850F008F5195 /* UIcollectionView+ext.swift in Sources */ = {isa = PBXBuildFile; fileRef = 14E86A5D20C0850F008F5195 /* UIcollectionView+ext.swift */; };
		14E86A6020C08A20008F5195 /* MutuableCollection+Ext.swift in Sources */ = {isa = PBXBuildFile; fileRef = 14E86A5F20C08A20008F5195 /* MutuableCollection+Ext.swift */; };
		14E86A6220C08B91008F5195 /* Shakeable.swift in Sources */ = {isa = PBXBuildFile; fileRef = 14E86A6120C08B91008F5195 /* Shakeable.swift */; };
/* End PBXBuildFile section */

/* Begin PBXFileReference section */
		1421B61120BF202500B73192 /* TacoPoP.app */ = {isa = PBXFileReference; explicitFileType = wrapper.application; includeInIndex = 0; path = TacoPoP.app; sourceTree = BUILT_PRODUCTS_DIR; };
		1421B61420BF202500B73192 /* AppDelegate.swift */ = {isa = PBXFileReference; lastKnownFileType = sourcecode.swift; path = AppDelegate.swift; sourceTree = "<group>"; };
		1421B61920BF202500B73192 /* Base */ = {isa = PBXFileReference; lastKnownFileType = file.storyboard; name = Base; path = Base.lproj/Main.storyboard; sourceTree = "<group>"; };
		1421B61B20BF202500B73192 /* Assets.xcassets */ = {isa = PBXFileReference; lastKnownFileType = folder.assetcatalog; path = Assets.xcassets; sourceTree = "<group>"; };
		1421B61E20BF202500B73192 /* Base */ = {isa = PBXFileReference; lastKnownFileType = file.storyboard; name = Base; path = Base.lproj/LaunchScreen.storyboard; sourceTree = "<group>"; };
		1421B62020BF202500B73192 /* Info.plist */ = {isa = PBXFileReference; lastKnownFileType = text.plist.xml; path = Info.plist; sourceTree = "<group>"; };
		1421B62C20BF21FB00B73192 /* MainVC.swift */ = {isa = PBXFileReference; lastKnownFileType = sourcecode.swift; path = MainVC.swift; sourceTree = "<group>"; };
		14B726E420C0640500ABE95A /* TacoPOPData.csv */ = {isa = PBXFileReference; fileEncoding = 4; lastKnownFileType = text; path = TacoPOPData.csv; sourceTree = "<group>"; };
		14B726E620C0674000ABE95A /* DropShadow.swift */ = {isa = PBXFileReference; lastKnownFileType = sourcecode.swift; path = DropShadow.swift; sourceTree = "<group>"; };
		14B726E820C0681B00ABE95A /* HeaderView.swift */ = {isa = PBXFileReference; lastKnownFileType = sourcecode.swift; path = HeaderView.swift; sourceTree = "<group>"; };
		14E86A4F20C0708A008F5195 /* Taco.swift */ = {isa = PBXFileReference; lastKnownFileType = sourcecode.swift; path = Taco.swift; sourceTree = "<group>"; };
		14E86A5120C07C2A008F5195 /* DataService.swift */ = {isa = PBXFileReference; lastKnownFileType = sourcecode.swift; path = DataService.swift; sourceTree = "<group>"; };
		14E86A5520C07F36008F5195 /* TacoCell.swift */ = {isa = PBXFileReference; lastKnownFileType = sourcecode.swift; path = TacoCell.swift; sourceTree = "<group>"; };
		14E86A5620C07F36008F5195 /* TacoCell.xib */ = {isa = PBXFileReference; lastKnownFileType = file.xib; path = TacoCell.xib; sourceTree = "<group>"; };
		14E86A5920C0841F008F5195 /* ReuseableView.swift */ = {isa = PBXFileReference; lastKnownFileType = sourcecode.swift; path = ReuseableView.swift; sourceTree = "<group>"; };
		14E86A5B20C084A7008F5195 /* NibLoadedableView.swift */ = {isa = PBXFileReference; lastKnownFileType = sourcecode.swift; path = NibLoadedableView.swift; sourceTree = "<group>"; };
		14E86A5D20C0850F008F5195 /* UIcollectionView+ext.swift */ = {isa = PBXFileReference; lastKnownFileType = sourcecode.swift; path = "UIcollectionView+ext.swift"; sourceTree = "<group>"; };
		14E86A5F20C08A20008F5195 /* MutuableCollection+Ext.swift */ = {isa = PBXFileReference; lastKnownFileType = sourcecode.swift; path = "MutuableCollection+Ext.swift"; sourceTree = "<group>"; };
		14E86A6120C08B91008F5195 /* Shakeable.swift */ = {isa = PBXFileReference; lastKnownFileType = sourcecode.swift; path = Shakeable.swift; sourceTree = "<group>"; };
/* End PBXFileReference section */

/* Begin PBXFrameworksBuildPhase section */
		1421B60E20BF202400B73192 /* Frameworks */ = {
			isa = PBXFrameworksBuildPhase;
			buildActionMask = 2147483647;
			files = (
			);
			runOnlyForDeploymentPostprocessing = 0;
		};
/* End PBXFrameworksBuildPhase section */

/* Begin PBXGroup section */
		1421B60820BF202400B73192 = {
			isa = PBXGroup;
			children = (
				1421B61320BF202500B73192 /* TacoPoP */,
				1421B61220BF202500B73192 /* Products */,
			);
			sourceTree = "<group>";
		};
		1421B61220BF202500B73192 /* Products */ = {
			isa = PBXGroup;
			children = (
				1421B61120BF202500B73192 /* TacoPoP.app */,
			);
			name = Products;
			sourceTree = "<group>";
		};
		1421B61320BF202500B73192 /* TacoPoP */ = {
			isa = PBXGroup;
			children = (
				1421B62B20BF219E00B73192 /* Extensions */,
				1421B62A20BF219200B73192 /* Protocols */,
				1421B62920BF218700B73192 /* Resources */,
				1421B62820BF217C00B73192 /* Model */,
				1421B62720BF217100B73192 /* View */,
				1421B62620BF215F00B73192 /* Controller */,
			);
			path = TacoPoP;
			sourceTree = "<group>";
		};
		1421B62620BF215F00B73192 /* Controller */ = {
			isa = PBXGroup;
			children = (
				1421B61420BF202500B73192 /* AppDelegate.swift */,
				1421B62C20BF21FB00B73192 /* MainVC.swift */,
			);
			path = Controller;
			sourceTree = "<group>";
		};
		1421B62720BF217100B73192 /* View */ = {
			isa = PBXGroup;
			children = (
				1421B61820BF202500B73192 /* Main.storyboard */,
				1421B61D20BF202500B73192 /* LaunchScreen.storyboard */,
				14B726E820C0681B00ABE95A /* HeaderView.swift */,
				14E86A5520C07F36008F5195 /* TacoCell.swift */,
				14E86A5620C07F36008F5195 /* TacoCell.xib */,
			);
			path = View;
			sourceTree = "<group>";
		};
		1421B62820BF217C00B73192 /* Model */ = {
			isa = PBXGroup;
			children = (
				14E86A4F20C0708A008F5195 /* Taco.swift */,
				14E86A5120C07C2A008F5195 /* DataService.swift */,
			);
			path = Model;
			sourceTree = "<group>";
		};
		1421B62920BF218700B73192 /* Resources */ = {
			isa = PBXGroup;
			children = (
				1421B62020BF202500B73192 /* Info.plist */,
				14B726E420C0640500ABE95A /* TacoPOPData.csv */,
				1421B61B20BF202500B73192 /* Assets.xcassets */,
			);
			path = Resources;
			sourceTree = "<group>";
		};
		1421B62A20BF219200B73192 /* Protocols */ = {
			isa = PBXGroup;
			children = (
				14B726E620C0674000ABE95A /* DropShadow.swift */,
				14E86A5920C0841F008F5195 /* ReuseableView.swift */,
				14E86A5B20C084A7008F5195 /* NibLoadedableView.swift */,
				14E86A6120C08B91008F5195 /* Shakeable.swift */,
			);
			path = Protocols;
			sourceTree = "<group>";
		};
		1421B62B20BF219E00B73192 /* Extensions */ = {
			isa = PBXGroup;
			children = (
				14E86A5D20C0850F008F5195 /* UIcollectionView+ext.swift */,
				14E86A5F20C08A20008F5195 /* MutuableCollection+Ext.swift */,
			);
			path = Extensions;
			sourceTree = "<group>";
		};
/* End PBXGroup section */

/* Begin PBXNativeTarget section */
		1421B61020BF202400B73192 /* TacoPoP */ = {
			isa = PBXNativeTarget;
			buildConfigurationList = 1421B62320BF202500B73192 /* Build configuration list for PBXNativeTarget "TacoPoP" */;
			buildPhases = (
				1421B60D20BF202400B73192 /* Sources */,
				1421B60E20BF202400B73192 /* Frameworks */,
				1421B60F20BF202400B73192 /* Resources */,
			);
			buildRules = (
			);
			dependencies = (
			);
			name = TacoPoP;
			productName = TacoPoP;
			productReference = 1421B61120BF202500B73192 /* TacoPoP.app */;
			productType = "com.apple.product-type.application";
		};
/* End PBXNativeTarget section */

/* Begin PBXProject section */
		1421B60920BF202400B73192 /* Project object */ = {
			isa = PBXProject;
			attributes = {
				LastSwiftUpdateCheck = 0910;
				LastUpgradeCheck = 0910;
				ORGANIZATIONNAME = "Anshu Vij";
				TargetAttributes = {
					1421B61020BF202400B73192 = {
						CreatedOnToolsVersion = 9.1;
						ProvisioningStyle = Automatic;
					};
				};
			};
			buildConfigurationList = 1421B60C20BF202400B73192 /* Build configuration list for PBXProject "TacoPoP" */;
			compatibilityVersion = "Xcode 8.0";
			developmentRegion = en;
			hasScannedForEncodings = 0;
			knownRegions = (
				en,
				Base,
			);
			mainGroup = 1421B60820BF202400B73192;
			productRefGroup = 1421B61220BF202500B73192 /* Products */;
			projectDirPath = "";
			projectRoot = "";
			targets = (
				1421B61020BF202400B73192 /* TacoPoP */,
			);
		};
/* End PBXProject section */

/* Begin PBXResourcesBuildPhase section */
		1421B60F20BF202400B73192 /* Resources */ = {
			isa = PBXResourcesBuildPhase;
			buildActionMask = 2147483647;
			files = (
				1421B61F20BF202500B73192 /* LaunchScreen.storyboard in Resources */,
				14B726E520C0640500ABE95A /* TacoPOPData.csv in Resources */,
				1421B61C20BF202500B73192 /* Assets.xcassets in Resources */,
				1421B61A20BF202500B73192 /* Main.storyboard in Resources */,
				14E86A5820C07F36008F5195 /* TacoCell.xib in Resources */,
			);
			runOnlyForDeploymentPostprocessing = 0;
		};
/* End PBXResourcesBuildPhase section */

/* Begin PBXSourcesBuildPhase section */
		1421B60D20BF202400B73192 /* Sources */ = {
			isa = PBXSourcesBuildPhase;
			buildActionMask = 2147483647;
			files = (
				14E86A5E20C0850F008F5195 /* UIcollectionView+ext.swift in Sources */,
				14E86A5720C07F36008F5195 /* TacoCell.swift in Sources */,
				14E86A5A20C0841F008F5195 /* ReuseableView.swift in Sources */,
				1421B61520BF202500B73192 /* AppDelegate.swift in Sources */,
				14B726E720C0674000ABE95A /* DropShadow.swift in Sources */,
				1421B62D20BF21FB00B73192 /* MainVC.swift in Sources */,
				14E86A6020C08A20008F5195 /* MutuableCollection+Ext.swift in Sources */,
				14E86A5220C07C2A008F5195 /* DataService.swift in Sources */,
				14E86A5C20C084A7008F5195 /* NibLoadedableView.swift in Sources */,
				14E86A5020C0708A008F5195 /* Taco.swift in Sources */,
				14E86A6220C08B91008F5195 /* Shakeable.swift in Sources */,
				14B726E920C0681B00ABE95A /* HeaderView.swift in Sources */,
			);
			runOnlyForDeploymentPostprocessing = 0;
		};
/* End PBXSourcesBuildPhase section */

/* Begin PBXVariantGroup section */
		1421B61820BF202500B73192 /* Main.storyboard */ = {
			isa = PBXVariantGroup;
			children = (
				1421B61920BF202500B73192 /* Base */,
			);
			name = Main.storyboard;
			sourceTree = "<group>";
		};
		1421B61D20BF202500B73192 /* LaunchScreen.storyboard */ = {
			isa = PBXVariantGroup;
			children = (
				1421B61E20BF202500B73192 /* Base */,
			);
			name = LaunchScreen.storyboard;
			sourceTree = "<group>";
		};
/* End PBXVariantGroup section */

/* Begin XCBuildConfiguration section */
		1421B62120BF202500B73192 /* Debug */ = {
			isa = XCBuildConfiguration;
			buildSettings = {
				ALWAYS_SEARCH_USER_PATHS = NO;
				CLANG_ANALYZER_NONNULL = YES;
				CLANG_ANALYZER_NUMBER_OBJECT_CONVERSION = YES_AGGRESSIVE;
				CLANG_CXX_LANGUAGE_STANDARD = "gnu++14";
				CLANG_CXX_LIBRARY = "libc++";
				CLANG_ENABLE_MODULES = YES;
				CLANG_ENABLE_OBJC_ARC = YES;
				CLANG_WARN_BLOCK_CAPTURE_AUTORELEASING = YES;
				CLANG_WARN_BOOL_CONVERSION = YES;
				CLANG_WARN_COMMA = YES;
				CLANG_WARN_CONSTANT_CONVERSION = YES;
				CLANG_WARN_DIRECT_OBJC_ISA_USAGE = YES_ERROR;
				CLANG_WARN_DOCUMENTATION_COMMENTS = YES;
				CLANG_WARN_EMPTY_BODY = YES;
				CLANG_WARN_ENUM_CONVERSION = YES;
				CLANG_WARN_INFINITE_RECURSION = YES;
				CLANG_WARN_INT_CONVERSION = YES;
				CLANG_WARN_NON_LITERAL_NULL_CONVERSION = YES;
				CLANG_WARN_OBJC_LITERAL_CONVERSION = YES;
				CLANG_WARN_OBJC_ROOT_CLASS = YES_ERROR;
				CLANG_WARN_RANGE_LOOP_ANALYSIS = YES;
				CLANG_WARN_STRICT_PROTOTYPES = YES;
				CLANG_WARN_SUSPICIOUS_MOVE = YES;
				CLANG_WARN_UNGUARDED_AVAILABILITY = YES_AGGRESSIVE;
				CLANG_WARN_UNREACHABLE_CODE = YES;
				CLANG_WARN__DUPLICATE_METHOD_MATCH = YES;
				CODE_SIGN_IDENTITY = "iPhone Developer";
				COPY_PHASE_STRIP = NO;
				DEBUG_INFORMATION_FORMAT = dwarf;
				ENABLE_STRICT_OBJC_MSGSEND = YES;
				ENABLE_TESTABILITY = YES;
				GCC_C_LANGUAGE_STANDARD = gnu11;
				GCC_DYNAMIC_NO_PIC = NO;
				GCC_NO_COMMON_BLOCKS = YES;
				GCC_OPTIMIZATION_LEVEL = 0;
				GCC_PREPROCESSOR_DEFINITIONS = (
					"DEBUG=1",
					"$(inherited)",
				);
				GCC_WARN_64_TO_32_BIT_CONVERSION = YES;
				GCC_WARN_ABOUT_RETURN_TYPE = YES_ERROR;
				GCC_WARN_UNDECLARED_SELECTOR = YES;
				GCC_WARN_UNINITIALIZED_AUTOS = YES_AGGRESSIVE;
				GCC_WARN_UNUSED_FUNCTION = YES;
				GCC_WARN_UNUSED_VARIABLE = YES;
				IPHONEOS_DEPLOYMENT_TARGET = 11.1;
				MTL_ENABLE_DEBUG_INFO = YES;
				ONLY_ACTIVE_ARCH = YES;
				SDKROOT = iphoneos;
				SWIFT_ACTIVE_COMPILATION_CONDITIONS = DEBUG;
				SWIFT_OPTIMIZATION_LEVEL = "-Onone";
			};
			name = Debug;
		};
		1421B62220BF202500B73192 /* Release */ = {
			isa = XCBuildConfiguration;
			buildSettings = {
				ALWAYS_SEARCH_USER_PATHS = NO;
				CLANG_ANALYZER_NONNULL = YES;
				CLANG_ANALYZER_NUMBER_OBJECT_CONVERSION = YES_AGGRESSIVE;
				CLANG_CXX_LANGUAGE_STANDARD = "gnu++14";
				CLANG_CXX_LIBRARY = "libc++";
				CLANG_ENABLE_MODULES = YES;
				CLANG_ENABLE_OBJC_ARC = YES;
				CLANG_WARN_BLOCK_CAPTURE_AUTORELEASING = YES;
				CLANG_WARN_BOOL_CONVERSION = YES;
				CLANG_WARN_COMMA = YES;
				CLANG_WARN_CONSTANT_CONVERSION = YES;
				CLANG_WARN_DIRECT_OBJC_ISA_USAGE = YES_ERROR;
				CLANG_WARN_DOCUMENTATION_COMMENTS = YES;
				CLANG_WARN_EMPTY_BODY = YES;
				CLANG_WARN_ENUM_CONVERSION = YES;
				CLANG_WARN_INFINITE_RECURSION = YES;
				CLANG_WARN_INT_CONVERSION = YES;
				CLANG_WARN_NON_LITERAL_NULL_CONVERSION = YES;
				CLANG_WARN_OBJC_LITERAL_CONVERSION = YES;
				CLANG_WARN_OBJC_ROOT_CLASS = YES_ERROR;
				CLANG_WARN_RANGE_LOOP_ANALYSIS = YES;
				CLANG_WARN_STRICT_PROTOTYPES = YES;
				CLANG_WARN_SUSPICIOUS_MOVE = YES;
				CLANG_WARN_UNGUARDED_AVAILABILITY = YES_AGGRESSIVE;
				CLANG_WARN_UNREACHABLE_CODE = YES;
				CLANG_WARN__DUPLICATE_METHOD_MATCH = YES;
				CODE_SIGN_IDENTITY = "iPhone Developer";
				COPY_PHASE_STRIP = NO;
				DEBUG_INFORMATION_FORMAT = "dwarf-with-dsym";
				ENABLE_NS_ASSERTIONS = NO;
				ENABLE_STRICT_OBJC_MSGSEND = YES;
				GCC_C_LANGUAGE_STANDARD = gnu11;
				GCC_NO_COMMON_BLOCKS = YES;
				GCC_WARN_64_TO_32_BIT_CONVERSION = YES;
				GCC_WARN_ABOUT_RETURN_TYPE = YES_ERROR;
				GCC_WARN_UNDECLARED_SELECTOR = YES;
				GCC_WARN_UNINITIALIZED_AUTOS = YES_AGGRESSIVE;
				GCC_WARN_UNUSED_FUNCTION = YES;
				GCC_WARN_UNUSED_VARIABLE = YES;
				IPHONEOS_DEPLOYMENT_TARGET = 11.1;
				MTL_ENABLE_DEBUG_INFO = NO;
				SDKROOT = iphoneos;
				SWIFT_OPTIMIZATION_LEVEL = "-Owholemodule";
				VALIDATE_PRODUCT = YES;
			};
			name = Release;
		};
		1421B62420BF202500B73192 /* Debug */ = {
			isa = XCBuildConfiguration;
			buildSettings = {
				ASSETCATALOG_COMPILER_APPICON_NAME = AppIcon;
				CODE_SIGN_STYLE = Automatic;
				DEVELOPMENT_TEAM = W529JXSCU8;
				INFOPLIST_FILE = "$(SRCROOT)/TacoPoP/Resources/Info.plist";
				LD_RUNPATH_SEARCH_PATHS = "$(inherited) @executable_path/Frameworks";
				PRODUCT_BUNDLE_IDENTIFIER = com.avcode.TacoPoP;
				PRODUCT_NAME = "$(TARGET_NAME)";
				SWIFT_VERSION = 4.0;
				TARGETED_DEVICE_FAMILY = "1,2";
			};
			name = Debug;
		};
		1421B62520BF202500B73192 /* Release */ = {
			isa = XCBuildConfiguration;
			buildSettings = {
				ASSETCATALOG_COMPILER_APPICON_NAME = AppIcon;
				CODE_SIGN_STYLE = Automatic;
				DEVELOPMENT_TEAM = W529JXSCU8;
				INFOPLIST_FILE = "$(SRCROOT)/TacoPoP/Resources/Info.plist";
				LD_RUNPATH_SEARCH_PATHS = "$(inherited) @executable_path/Frameworks";
				PRODUCT_BUNDLE_IDENTIFIER = com.avcode.TacoPoP;
				PRODUCT_NAME = "$(TARGET_NAME)";
				SWIFT_VERSION = 4.0;
				TARGETED_DEVICE_FAMILY = "1,2";
			};
			name = Release;
		};
/* End XCBuildConfiguration section */

/* Begin XCConfigurationList section */
		1421B60C20BF202400B73192 /* Build configuration list for PBXProject "TacoPoP" */ = {
			isa = XCConfigurationList;
			buildConfigurations = (
				1421B62120BF202500B73192 /* Debug */,
				1421B62220BF202500B73192 /* Release */,
			);
			defaultConfigurationIsVisible = 0;
			defaultConfigurationName = Release;
		};
		1421B62320BF202500B73192 /* Build configuration list for PBXNativeTarget "TacoPoP" */ = {
			isa = XCConfigurationList;
			buildConfigurations = (
				1421B62420BF202500B73192 /* Debug */,
				1421B62520BF202500B73192 /* Release */,
			);
			defaultConfigurationIsVisible = 0;
			defaultConfigurationName = Release;
		};
/* End XCConfigurationList section */
	};
	rootObject = 1421B60920BF202400B73192 /* Project object */;
}
